// !$*UTF8*$!
{
	archiveVersion = 1;
	classes = {
	};
	objectVersion = 48;
	objects = {

/* Begin PBXBuildFile section */
		002D13D91FEBE383006AEBE9 /* AppDelegate.swift in Sources */ = {isa = PBXBuildFile; fileRef = 002D13D81FEBE383006AEBE9 /* AppDelegate.swift */; };
		002D13DB1FEBE383006AEBE9 /* ProfileViewController.swift in Sources */ = {isa = PBXBuildFile; fileRef = 002D13DA1FEBE383006AEBE9 /* ProfileViewController.swift */; };
		002D13E01FEBE383006AEBE9 /* Main.storyboard in Resources */ = {isa = PBXBuildFile; fileRef = 002D13DE1FEBE383006AEBE9 /* Main.storyboard */; };
		002D13E21FEBE383006AEBE9 /* Assets.xcassets in Resources */ = {isa = PBXBuildFile; fileRef = 002D13E11FEBE383006AEBE9 /* Assets.xcassets */; };
		002D13E51FEBE383006AEBE9 /* LaunchScreen.storyboard in Resources */ = {isa = PBXBuildFile; fileRef = 002D13E31FEBE383006AEBE9 /* LaunchScreen.storyboard */; };
		002D13FC1FEBEE5A006AEBE9 /* Golfer.swift in Sources */ = {isa = PBXBuildFile; fileRef = 002D13FB1FEBEE5A006AEBE9 /* Golfer.swift */; };
		002D14021FEC00FB006AEBE9 /* CurrentRoundViewController.swift in Sources */ = {isa = PBXBuildFile; fileRef = 002D14011FEC00FB006AEBE9 /* CurrentRoundViewController.swift */; };
		002D14041FEC02FF006AEBE9 /* HoleTableViewCell.swift in Sources */ = {isa = PBXBuildFile; fileRef = 002D14031FEC02FF006AEBE9 /* HoleTableViewCell.swift */; };
		002D14061FEC0B01006AEBE9 /* GolfCourse.swift in Sources */ = {isa = PBXBuildFile; fileRef = 002D14051FEC0B01006AEBE9 /* GolfCourse.swift */; };
		002D14081FEC0BA8006AEBE9 /* CourseTee.swift in Sources */ = {isa = PBXBuildFile; fileRef = 002D14071FEC0BA8006AEBE9 /* CourseTee.swift */; };
		002D140A1FEC0CC3006AEBE9 /* Hole.swift in Sources */ = {isa = PBXBuildFile; fileRef = 002D14091FEC0CC3006AEBE9 /* Hole.swift */; };
		002D140C1FEC33EA006AEBE9 /* NineHoles.swift in Sources */ = {isa = PBXBuildFile; fileRef = 002D140B1FEC33EA006AEBE9 /* NineHoles.swift */; };
		002D140E1FEC9302006AEBE9 /* Round.swift in Sources */ = {isa = PBXBuildFile; fileRef = 002D140D1FEC9302006AEBE9 /* Round.swift */; };
		002D14151FF312FE006AEBE9 /* GolferTests.swift in Sources */ = {isa = PBXBuildFile; fileRef = 002D14141FF312FE006AEBE9 /* GolferTests.swift */; };
		002D14191FF3E068006AEBE9 /* RoundHole.swift in Sources */ = {isa = PBXBuildFile; fileRef = 002D14181FF3E068006AEBE9 /* RoundHole.swift */; };
		002D14201FF7FF56006AEBE9 /* GolfLeagueTabBarController.swift in Sources */ = {isa = PBXBuildFile; fileRef = 002D141F1FF7FF56006AEBE9 /* GolfLeagueTabBarController.swift */; };
		002D14281FF82650006AEBE9 /* StartRoundViewController.swift in Sources */ = {isa = PBXBuildFile; fileRef = 002D14271FF82650006AEBE9 /* StartRoundViewController.swift */; };
		008C2BF41FF90433007101E4 /* UIColorExtension.swift in Sources */ = {isa = PBXBuildFile; fileRef = 008C2BF31FF90433007101E4 /* UIColorExtension.swift */; };
		008C2BF61FF90759007101E4 /* CourseTeePickerView.swift in Sources */ = {isa = PBXBuildFile; fileRef = 008C2BF51FF90759007101E4 /* CourseTeePickerView.swift */; };
		008C2BFA1FF91B45007101E4 /* GolfCourseView.swift in Sources */ = {isa = PBXBuildFile; fileRef = 008C2BF91FF91B45007101E4 /* GolfCourseView.swift */; };
		BCC7201A9D3D018322404797 /* Pods_GolfLeague.framework in Frameworks */ = {isa = PBXBuildFile; fileRef = 326F2FCFEF60E5D56402CA85 /* Pods_GolfLeague.framework */; };
/* End PBXBuildFile section */

/* Begin PBXContainerItemProxy section */
		002D13EC1FEBE383006AEBE9 /* PBXContainerItemProxy */ = {
			isa = PBXContainerItemProxy;
			containerPortal = 002D13CD1FEBE382006AEBE9 /* Project object */;
			proxyType = 1;
			remoteGlobalIDString = 002D13D41FEBE383006AEBE9;
			remoteInfo = "Golf League";
		};
/* End PBXContainerItemProxy section */

/* Begin PBXFileReference section */
		002D13D51FEBE383006AEBE9 /* GolfLeague.app */ = {isa = PBXFileReference; explicitFileType = wrapper.application; includeInIndex = 0; path = GolfLeague.app; sourceTree = BUILT_PRODUCTS_DIR; };
		002D13D81FEBE383006AEBE9 /* AppDelegate.swift */ = {isa = PBXFileReference; lastKnownFileType = sourcecode.swift; path = AppDelegate.swift; sourceTree = "<group>"; };
		002D13DA1FEBE383006AEBE9 /* ProfileViewController.swift */ = {isa = PBXFileReference; lastKnownFileType = sourcecode.swift; path = ProfileViewController.swift; sourceTree = "<group>"; };
		002D13DF1FEBE383006AEBE9 /* Base */ = {isa = PBXFileReference; lastKnownFileType = file.storyboard; name = Base; path = Base.lproj/Main.storyboard; sourceTree = "<group>"; };
		002D13E11FEBE383006AEBE9 /* Assets.xcassets */ = {isa = PBXFileReference; lastKnownFileType = folder.assetcatalog; path = Assets.xcassets; sourceTree = "<group>"; };
		002D13E41FEBE383006AEBE9 /* Base */ = {isa = PBXFileReference; lastKnownFileType = file.storyboard; name = Base; path = Base.lproj/LaunchScreen.storyboard; sourceTree = "<group>"; };
		002D13E61FEBE383006AEBE9 /* Info.plist */ = {isa = PBXFileReference; lastKnownFileType = text.plist.xml; path = Info.plist; sourceTree = "<group>"; };
		002D13EB1FEBE383006AEBE9 /* GolfLeagueTests.xctest */ = {isa = PBXFileReference; explicitFileType = wrapper.cfbundle; includeInIndex = 0; path = GolfLeagueTests.xctest; sourceTree = BUILT_PRODUCTS_DIR; };
		002D13F11FEBE383006AEBE9 /* Info.plist */ = {isa = PBXFileReference; lastKnownFileType = text.plist.xml; path = Info.plist; sourceTree = "<group>"; };
		002D13FB1FEBEE5A006AEBE9 /* Golfer.swift */ = {isa = PBXFileReference; lastKnownFileType = sourcecode.swift; path = Golfer.swift; sourceTree = "<group>"; };
		002D14011FEC00FB006AEBE9 /* CurrentRoundViewController.swift */ = {isa = PBXFileReference; lastKnownFileType = sourcecode.swift; path = CurrentRoundViewController.swift; sourceTree = "<group>"; };
		002D14031FEC02FF006AEBE9 /* HoleTableViewCell.swift */ = {isa = PBXFileReference; lastKnownFileType = sourcecode.swift; path = HoleTableViewCell.swift; sourceTree = "<group>"; };
		002D14051FEC0B01006AEBE9 /* GolfCourse.swift */ = {isa = PBXFileReference; lastKnownFileType = sourcecode.swift; path = GolfCourse.swift; sourceTree = "<group>"; };
		002D14071FEC0BA8006AEBE9 /* CourseTee.swift */ = {isa = PBXFileReference; lastKnownFileType = sourcecode.swift; path = CourseTee.swift; sourceTree = "<group>"; };
		002D14091FEC0CC3006AEBE9 /* Hole.swift */ = {isa = PBXFileReference; lastKnownFileType = sourcecode.swift; path = Hole.swift; sourceTree = "<group>"; };
		002D140B1FEC33EA006AEBE9 /* NineHoles.swift */ = {isa = PBXFileReference; lastKnownFileType = sourcecode.swift; path = NineHoles.swift; sourceTree = "<group>"; };
		002D140D1FEC9302006AEBE9 /* Round.swift */ = {isa = PBXFileReference; lastKnownFileType = sourcecode.swift; path = Round.swift; sourceTree = "<group>"; };
		002D14141FF312FE006AEBE9 /* GolferTests.swift */ = {isa = PBXFileReference; lastKnownFileType = sourcecode.swift; path = GolferTests.swift; sourceTree = "<group>"; };
		002D14181FF3E068006AEBE9 /* RoundHole.swift */ = {isa = PBXFileReference; lastKnownFileType = sourcecode.swift; path = RoundHole.swift; sourceTree = "<group>"; };
		002D141F1FF7FF56006AEBE9 /* GolfLeagueTabBarController.swift */ = {isa = PBXFileReference; lastKnownFileType = sourcecode.swift; path = GolfLeagueTabBarController.swift; sourceTree = "<group>"; };
		002D14271FF82650006AEBE9 /* StartRoundViewController.swift */ = {isa = PBXFileReference; lastKnownFileType = sourcecode.swift; path = StartRoundViewController.swift; sourceTree = "<group>"; };
		008C2BF31FF90433007101E4 /* UIColorExtension.swift */ = {isa = PBXFileReference; lastKnownFileType = sourcecode.swift; path = UIColorExtension.swift; sourceTree = "<group>"; };
		008C2BF51FF90759007101E4 /* CourseTeePickerView.swift */ = {isa = PBXFileReference; lastKnownFileType = sourcecode.swift; path = CourseTeePickerView.swift; sourceTree = "<group>"; };
		008C2BF91FF91B45007101E4 /* GolfCourseView.swift */ = {isa = PBXFileReference; lastKnownFileType = sourcecode.swift; path = GolfCourseView.swift; sourceTree = "<group>"; };
		326F2FCFEF60E5D56402CA85 /* Pods_GolfLeague.framework */ = {isa = PBXFileReference; explicitFileType = wrapper.framework; includeInIndex = 0; path = Pods_GolfLeague.framework; sourceTree = BUILT_PRODUCTS_DIR; };
		A7A2F3E929B97ADA3C0D6D39 /* Pods-GolfLeague.release.xcconfig */ = {isa = PBXFileReference; includeInIndex = 1; lastKnownFileType = text.xcconfig; name = "Pods-GolfLeague.release.xcconfig"; path = "Pods/Target Support Files/Pods-GolfLeague/Pods-GolfLeague.release.xcconfig"; sourceTree = "<group>"; };
		E436F0AE7E5C1DF22E4190B9 /* Pods-GolfLeague.debug.xcconfig */ = {isa = PBXFileReference; includeInIndex = 1; lastKnownFileType = text.xcconfig; name = "Pods-GolfLeague.debug.xcconfig"; path = "Pods/Target Support Files/Pods-GolfLeague/Pods-GolfLeague.debug.xcconfig"; sourceTree = "<group>"; };
		FADFC9EC592AAF5A7B41277F /* Pods_Golf_League.framework */ = {isa = PBXFileReference; explicitFileType = wrapper.framework; includeInIndex = 0; path = Pods_Golf_League.framework; sourceTree = BUILT_PRODUCTS_DIR; };
/* End PBXFileReference section */

/* Begin PBXFrameworksBuildPhase section */
		002D13D21FEBE383006AEBE9 /* Frameworks */ = {
			isa = PBXFrameworksBuildPhase;
			buildActionMask = 2147483647;
			files = (
				BCC7201A9D3D018322404797 /* Pods_GolfLeague.framework in Frameworks */,
			);
			runOnlyForDeploymentPostprocessing = 0;
		};
		002D13E81FEBE383006AEBE9 /* Frameworks */ = {
			isa = PBXFrameworksBuildPhase;
			buildActionMask = 2147483647;
			files = (
			);
			runOnlyForDeploymentPostprocessing = 0;
		};
/* End PBXFrameworksBuildPhase section */

/* Begin PBXGroup section */
		002D13CC1FEBE382006AEBE9 = {
			isa = PBXGroup;
			children = (
				002D13D71FEBE383006AEBE9 /* GolfLeague */,
				002D13EE1FEBE383006AEBE9 /* GolfLeagueTests */,
				002D13D61FEBE383006AEBE9 /* Products */,
				9B97A36D91F127FA135302FD /* Pods */,
				4A9B52277767E468F0938E42 /* Frameworks */,
			);
			sourceTree = "<group>";
		};
		002D13D61FEBE383006AEBE9 /* Products */ = {
			isa = PBXGroup;
			children = (
				002D13D51FEBE383006AEBE9 /* GolfLeague.app */,
				002D13EB1FEBE383006AEBE9 /* GolfLeagueTests.xctest */,
			);
			name = Products;
			sourceTree = "<group>";
		};
		002D13D71FEBE383006AEBE9 /* GolfLeague */ = {
			isa = PBXGroup;
			children = (
				008C2BF21FF90416007101E4 /* extensions */,
				002D141E1FF7FE2A006AEBE9 /* controller */,
				002D13FA1FEBEE3A006AEBE9 /* model */,
				002D13D81FEBE383006AEBE9 /* AppDelegate.swift */,
				002D13DE1FEBE383006AEBE9 /* Main.storyboard */,
				002D13E11FEBE383006AEBE9 /* Assets.xcassets */,
				002D13E31FEBE383006AEBE9 /* LaunchScreen.storyboard */,
				002D13E61FEBE383006AEBE9 /* Info.plist */,
			);
			path = GolfLeague;
			sourceTree = "<group>";
		};
		002D13EE1FEBE383006AEBE9 /* GolfLeagueTests */ = {
			isa = PBXGroup;
			children = (
				002D14131FF312D5006AEBE9 /* model */,
				002D13F11FEBE383006AEBE9 /* Info.plist */,
			);
			path = GolfLeagueTests;
			sourceTree = "<group>";
		};
		002D13FA1FEBEE3A006AEBE9 /* model */ = {
			isa = PBXGroup;
			children = (
				002D13FB1FEBEE5A006AEBE9 /* Golfer.swift */,
				002D14051FEC0B01006AEBE9 /* GolfCourse.swift */,
				002D14071FEC0BA8006AEBE9 /* CourseTee.swift */,
				002D140B1FEC33EA006AEBE9 /* NineHoles.swift */,
				002D140D1FEC9302006AEBE9 /* Round.swift */,
				002D14091FEC0CC3006AEBE9 /* Hole.swift */,
				002D14181FF3E068006AEBE9 /* RoundHole.swift */,
			);
			path = model;
			sourceTree = "<group>";
		};
		002D14131FF312D5006AEBE9 /* model */ = {
			isa = PBXGroup;
			children = (
				002D14141FF312FE006AEBE9 /* GolferTests.swift */,
			);
			path = model;
			sourceTree = "<group>";
		};
		002D141C1FF7FDAB006AEBE9 /* scorecard */ = {
			isa = PBXGroup;
			children = (
				002D14011FEC00FB006AEBE9 /* CurrentRoundViewController.swift */,
				002D14031FEC02FF006AEBE9 /* HoleTableViewCell.swift */,
				002D14271FF82650006AEBE9 /* StartRoundViewController.swift */,
				008C2BF51FF90759007101E4 /* CourseTeePickerView.swift */,
				008C2BF91FF91B45007101E4 /* GolfCourseView.swift */,
			);
			path = scorecard;
			sourceTree = "<group>";
		};
		002D141D1FF7FE14006AEBE9 /* profile */ = {
			isa = PBXGroup;
			children = (
				002D13DA1FEBE383006AEBE9 /* ProfileViewController.swift */,
			);
			path = profile;
			sourceTree = "<group>";
		};
		002D141E1FF7FE2A006AEBE9 /* controller */ = {
			isa = PBXGroup;
			children = (
				002D141C1FF7FDAB006AEBE9 /* scorecard */,
				002D141D1FF7FE14006AEBE9 /* profile */,
				002D141F1FF7FF56006AEBE9 /* GolfLeagueTabBarController.swift */,
			);
			path = controller;
			sourceTree = "<group>";
		};
		008C2BF21FF90416007101E4 /* extensions */ = {
			isa = PBXGroup;
			children = (
				008C2BF31FF90433007101E4 /* UIColorExtension.swift */,
			);
			path = extensions;
			sourceTree = "<group>";
		};
		4A9B52277767E468F0938E42 /* Frameworks */ = {
			isa = PBXGroup;
			children = (
				FADFC9EC592AAF5A7B41277F /* Pods_Golf_League.framework */,
				326F2FCFEF60E5D56402CA85 /* Pods_GolfLeague.framework */,
			);
			name = Frameworks;
			sourceTree = "<group>";
		};
		9B97A36D91F127FA135302FD /* Pods */ = {
			isa = PBXGroup;
			children = (
				E436F0AE7E5C1DF22E4190B9 /* Pods-GolfLeague.debug.xcconfig */,
				A7A2F3E929B97ADA3C0D6D39 /* Pods-GolfLeague.release.xcconfig */,
			);
			name = Pods;
			sourceTree = "<group>";
		};
/* End PBXGroup section */

/* Begin PBXNativeTarget section */
		002D13D41FEBE383006AEBE9 /* GolfLeague */ = {
			isa = PBXNativeTarget;
			buildConfigurationList = 002D13F41FEBE383006AEBE9 /* Build configuration list for PBXNativeTarget "GolfLeague" */;
			buildPhases = (
				5F4FF080C8A6789E83CFBBAC /* [CP] Check Pods Manifest.lock */,
				002D13D11FEBE383006AEBE9 /* Sources */,
				002D13D21FEBE383006AEBE9 /* Frameworks */,
				002D13D31FEBE383006AEBE9 /* Resources */,
				B2431B5990E826E046AA35AB /* [CP] Embed Pods Frameworks */,
				C37A69A99E6B87E38EBA28EA /* [CP] Copy Pods Resources */,
			);
			buildRules = (
			);
			dependencies = (
			);
			name = GolfLeague;
			productName = "Golf League";
			productReference = 002D13D51FEBE383006AEBE9 /* GolfLeague.app */;
			productType = "com.apple.product-type.application";
		};
		002D13EA1FEBE383006AEBE9 /* GolfLeagueTests */ = {
			isa = PBXNativeTarget;
			buildConfigurationList = 002D13F71FEBE383006AEBE9 /* Build configuration list for PBXNativeTarget "GolfLeagueTests" */;
			buildPhases = (
				002D13E71FEBE383006AEBE9 /* Sources */,
				002D13E81FEBE383006AEBE9 /* Frameworks */,
				002D13E91FEBE383006AEBE9 /* Resources */,
			);
			buildRules = (
			);
			dependencies = (
				002D13ED1FEBE383006AEBE9 /* PBXTargetDependency */,
			);
			name = GolfLeagueTests;
			productName = "Golf LeagueTests";
			productReference = 002D13EB1FEBE383006AEBE9 /* GolfLeagueTests.xctest */;
			productType = "com.apple.product-type.bundle.unit-test";
		};
/* End PBXNativeTarget section */

/* Begin PBXProject section */
		002D13CD1FEBE382006AEBE9 /* Project object */ = {
			isa = PBXProject;
			attributes = {
				LastSwiftUpdateCheck = 0920;
				LastUpgradeCheck = 0920;
				ORGANIZATIONNAME = "Andrew Motika";
				TargetAttributes = {
					002D13D41FEBE383006AEBE9 = {
						CreatedOnToolsVersion = 9.2;
						ProvisioningStyle = Automatic;
					};
					002D13EA1FEBE383006AEBE9 = {
						CreatedOnToolsVersion = 9.2;
						ProvisioningStyle = Automatic;
						TestTargetID = 002D13D41FEBE383006AEBE9;
					};
				};
			};
			buildConfigurationList = 002D13D01FEBE382006AEBE9 /* Build configuration list for PBXProject "GolfLeague" */;
			compatibilityVersion = "Xcode 8.0";
			developmentRegion = en;
			hasScannedForEncodings = 0;
			knownRegions = (
				en,
				Base,
			);
			mainGroup = 002D13CC1FEBE382006AEBE9;
			productRefGroup = 002D13D61FEBE383006AEBE9 /* Products */;
			projectDirPath = "";
			projectRoot = "";
			targets = (
				002D13D41FEBE383006AEBE9 /* GolfLeague */,
				002D13EA1FEBE383006AEBE9 /* GolfLeagueTests */,
			);
		};
/* End PBXProject section */

/* Begin PBXResourcesBuildPhase section */
		002D13D31FEBE383006AEBE9 /* Resources */ = {
			isa = PBXResourcesBuildPhase;
			buildActionMask = 2147483647;
			files = (
				002D13E51FEBE383006AEBE9 /* LaunchScreen.storyboard in Resources */,
				002D13E21FEBE383006AEBE9 /* Assets.xcassets in Resources */,
				002D13E01FEBE383006AEBE9 /* Main.storyboard in Resources */,
			);
			runOnlyForDeploymentPostprocessing = 0;
		};
		002D13E91FEBE383006AEBE9 /* Resources */ = {
			isa = PBXResourcesBuildPhase;
			buildActionMask = 2147483647;
			files = (
			);
			runOnlyForDeploymentPostprocessing = 0;
		};
/* End PBXResourcesBuildPhase section */

/* Begin PBXShellScriptBuildPhase section */
		5F4FF080C8A6789E83CFBBAC /* [CP] Check Pods Manifest.lock */ = {
			isa = PBXShellScriptBuildPhase;
			buildActionMask = 2147483647;
			files = (
			);
			inputPaths = (
				"${PODS_PODFILE_DIR_PATH}/Podfile.lock",
				"${PODS_ROOT}/Manifest.lock",
			);
			name = "[CP] Check Pods Manifest.lock";
			outputPaths = (
				"$(DERIVED_FILE_DIR)/Pods-GolfLeague-checkManifestLockResult.txt",
			);
			runOnlyForDeploymentPostprocessing = 0;
			shellPath = /bin/sh;
			shellScript = "diff \"${PODS_PODFILE_DIR_PATH}/Podfile.lock\" \"${PODS_ROOT}/Manifest.lock\" > /dev/null\nif [ $? != 0 ] ; then\n    # print error to STDERR\n    echo \"error: The sandbox is not in sync with the Podfile.lock. Run 'pod install' or update your CocoaPods installation.\" >&2\n    exit 1\nfi\n# This output is used by Xcode 'outputs' to avoid re-running this script phase.\necho \"SUCCESS\" > \"${SCRIPT_OUTPUT_FILE_0}\"\n";
			showEnvVarsInLog = 0;
		};
		B2431B5990E826E046AA35AB /* [CP] Embed Pods Frameworks */ = {
			isa = PBXShellScriptBuildPhase;
			buildActionMask = 2147483647;
			files = (
			);
			inputPaths = (
				"${SRCROOT}/Pods/Target Support Files/Pods-GolfLeague/Pods-GolfLeague-frameworks.sh",
				"${BUILT_PRODUCTS_DIR}/SearchTextField/SearchTextField.framework",
			);
			name = "[CP] Embed Pods Frameworks";
			outputPaths = (
				"${TARGET_BUILD_DIR}/${FRAMEWORKS_FOLDER_PATH}/SearchTextField.framework",
			);
			runOnlyForDeploymentPostprocessing = 0;
			shellPath = /bin/sh;
			shellScript = "\"${SRCROOT}/Pods/Target Support Files/Pods-GolfLeague/Pods-GolfLeague-frameworks.sh\"\n";
			showEnvVarsInLog = 0;
		};
		C37A69A99E6B87E38EBA28EA /* [CP] Copy Pods Resources */ = {
			isa = PBXShellScriptBuildPhase;
			buildActionMask = 2147483647;
			files = (
			);
			inputPaths = (
			);
			name = "[CP] Copy Pods Resources";
			outputPaths = (
			);
			runOnlyForDeploymentPostprocessing = 0;
			shellPath = /bin/sh;
			shellScript = "\"${SRCROOT}/Pods/Target Support Files/Pods-GolfLeague/Pods-GolfLeague-resources.sh\"\n";
			showEnvVarsInLog = 0;
		};
/* End PBXShellScriptBuildPhase section */

/* Begin PBXSourcesBuildPhase section */
		002D13D11FEBE383006AEBE9 /* Sources */ = {
			isa = PBXSourcesBuildPhase;
			buildActionMask = 2147483647;
			files = (
				002D14061FEC0B01006AEBE9 /* GolfCourse.swift in Sources */,
				008C2BF61FF90759007101E4 /* CourseTeePickerView.swift in Sources */,
				008C2BF41FF90433007101E4 /* UIColorExtension.swift in Sources */,
				008C2BFA1FF91B45007101E4 /* GolfCourseView.swift in Sources */,
				002D13D91FEBE383006AEBE9 /* AppDelegate.swift in Sources */,
				002D14041FEC02FF006AEBE9 /* HoleTableViewCell.swift in Sources */,
				002D140C1FEC33EA006AEBE9 /* NineHoles.swift in Sources */,
				002D14201FF7FF56006AEBE9 /* GolfLeagueTabBarController.swift in Sources */,
				002D13FC1FEBEE5A006AEBE9 /* Golfer.swift in Sources */,
				002D14021FEC00FB006AEBE9 /* CurrentRoundViewController.swift in Sources */,
				002D14281FF82650006AEBE9 /* StartRoundViewController.swift in Sources */,
				002D14081FEC0BA8006AEBE9 /* CourseTee.swift in Sources */,
				002D140A1FEC0CC3006AEBE9 /* Hole.swift in Sources */,
				002D140E1FEC9302006AEBE9 /* Round.swift in Sources */,
				002D13DB1FEBE383006AEBE9 /* ProfileViewController.swift in Sources */,
				002D14191FF3E068006AEBE9 /* RoundHole.swift in Sources */,
			);
			runOnlyForDeploymentPostprocessing = 0;
		};
		002D13E71FEBE383006AEBE9 /* Sources */ = {
			isa = PBXSourcesBuildPhase;
			buildActionMask = 2147483647;
			files = (
				002D14151FF312FE006AEBE9 /* GolferTests.swift in Sources */,
			);
			runOnlyForDeploymentPostprocessing = 0;
		};
/* End PBXSourcesBuildPhase section */

/* Begin PBXTargetDependency section */
		002D13ED1FEBE383006AEBE9 /* PBXTargetDependency */ = {
			isa = PBXTargetDependency;
			target = 002D13D41FEBE383006AEBE9 /* GolfLeague */;
			targetProxy = 002D13EC1FEBE383006AEBE9 /* PBXContainerItemProxy */;
		};
/* End PBXTargetDependency section */

/* Begin PBXVariantGroup section */
		002D13DE1FEBE383006AEBE9 /* Main.storyboard */ = {
			isa = PBXVariantGroup;
			children = (
				002D13DF1FEBE383006AEBE9 /* Base */,
			);
			name = Main.storyboard;
			sourceTree = "<group>";
		};
		002D13E31FEBE383006AEBE9 /* LaunchScreen.storyboard */ = {
			isa = PBXVariantGroup;
			children = (
				002D13E41FEBE383006AEBE9 /* Base */,
			);
			name = LaunchScreen.storyboard;
			sourceTree = "<group>";
		};
/* End PBXVariantGroup section */

/* Begin XCBuildConfiguration section */
		002D13F21FEBE383006AEBE9 /* Debug */ = {
			isa = XCBuildConfiguration;
			buildSettings = {
				ALWAYS_SEARCH_USER_PATHS = NO;
				CLANG_ANALYZER_NONNULL = YES;
				CLANG_ANALYZER_NUMBER_OBJECT_CONVERSION = YES_AGGRESSIVE;
				CLANG_CXX_LANGUAGE_STANDARD = "gnu++14";
				CLANG_CXX_LIBRARY = "libc++";
				CLANG_ENABLE_MODULES = YES;
				CLANG_ENABLE_OBJC_ARC = YES;
				CLANG_WARN_BLOCK_CAPTURE_AUTORELEASING = YES;
				CLANG_WARN_BOOL_CONVERSION = YES;
				CLANG_WARN_COMMA = YES;
				CLANG_WARN_CONSTANT_CONVERSION = YES;
				CLANG_WARN_DIRECT_OBJC_ISA_USAGE = YES_ERROR;
				CLANG_WARN_DOCUMENTATION_COMMENTS = YES;
				CLANG_WARN_EMPTY_BODY = YES;
				CLANG_WARN_ENUM_CONVERSION = YES;
				CLANG_WARN_INFINITE_RECURSION = YES;
				CLANG_WARN_INT_CONVERSION = YES;
				CLANG_WARN_NON_LITERAL_NULL_CONVERSION = YES;
				CLANG_WARN_OBJC_LITERAL_CONVERSION = YES;
				CLANG_WARN_OBJC_ROOT_CLASS = YES_ERROR;
				CLANG_WARN_RANGE_LOOP_ANALYSIS = YES;
				CLANG_WARN_STRICT_PROTOTYPES = YES;
				CLANG_WARN_SUSPICIOUS_MOVE = YES;
				CLANG_WARN_UNGUARDED_AVAILABILITY = YES_AGGRESSIVE;
				CLANG_WARN_UNREACHABLE_CODE = YES;
				CLANG_WARN__DUPLICATE_METHOD_MATCH = YES;
				CODE_SIGN_IDENTITY = "iPhone Developer";
				COPY_PHASE_STRIP = NO;
				DEBUG_INFORMATION_FORMAT = dwarf;
				ENABLE_STRICT_OBJC_MSGSEND = YES;
				ENABLE_TESTABILITY = YES;
				GCC_C_LANGUAGE_STANDARD = gnu11;
				GCC_DYNAMIC_NO_PIC = NO;
				GCC_NO_COMMON_BLOCKS = YES;
				GCC_OPTIMIZATION_LEVEL = 0;
				GCC_PREPROCESSOR_DEFINITIONS = (
					"DEBUG=1",
					"$(inherited)",
				);
				GCC_WARN_64_TO_32_BIT_CONVERSION = YES;
				GCC_WARN_ABOUT_RETURN_TYPE = YES_ERROR;
				GCC_WARN_UNDECLARED_SELECTOR = YES;
				GCC_WARN_UNINITIALIZED_AUTOS = YES_AGGRESSIVE;
				GCC_WARN_UNUSED_FUNCTION = YES;
				GCC_WARN_UNUSED_VARIABLE = YES;
				IPHONEOS_DEPLOYMENT_TARGET = 11.2;
				MTL_ENABLE_DEBUG_INFO = YES;
				ONLY_ACTIVE_ARCH = YES;
				SDKROOT = iphoneos;
				SWIFT_ACTIVE_COMPILATION_CONDITIONS = DEBUG;
				SWIFT_OPTIMIZATION_LEVEL = "-Onone";
			};
			name = Debug;
		};
		002D13F31FEBE383006AEBE9 /* Release */ = {
			isa = XCBuildConfiguration;
			buildSettings = {
				ALWAYS_SEARCH_USER_PATHS = NO;
				CLANG_ANALYZER_NONNULL = YES;
				CLANG_ANALYZER_NUMBER_OBJECT_CONVERSION = YES_AGGRESSIVE;
				CLANG_CXX_LANGUAGE_STANDARD = "gnu++14";
				CLANG_CXX_LIBRARY = "libc++";
				CLANG_ENABLE_MODULES = YES;
				CLANG_ENABLE_OBJC_ARC = YES;
				CLANG_WARN_BLOCK_CAPTURE_AUTORELEASING = YES;
				CLANG_WARN_BOOL_CONVERSION = YES;
				CLANG_WARN_COMMA = YES;
				CLANG_WARN_CONSTANT_CONVERSION = YES;
				CLANG_WARN_DIRECT_OBJC_ISA_USAGE = YES_ERROR;
				CLANG_WARN_DOCUMENTATION_COMMENTS = YES;
				CLANG_WARN_EMPTY_BODY = YES;
				CLANG_WARN_ENUM_CONVERSION = YES;
				CLANG_WARN_INFINITE_RECURSION = YES;
				CLANG_WARN_INT_CONVERSION = YES;
				CLANG_WARN_NON_LITERAL_NULL_CONVERSION = YES;
				CLANG_WARN_OBJC_LITERAL_CONVERSION = YES;
				CLANG_WARN_OBJC_ROOT_CLASS = YES_ERROR;
				CLANG_WARN_RANGE_LOOP_ANALYSIS = YES;
				CLANG_WARN_STRICT_PROTOTYPES = YES;
				CLANG_WARN_SUSPICIOUS_MOVE = YES;
				CLANG_WARN_UNGUARDED_AVAILABILITY = YES_AGGRESSIVE;
				CLANG_WARN_UNREACHABLE_CODE = YES;
				CLANG_WARN__DUPLICATE_METHOD_MATCH = YES;
				CODE_SIGN_IDENTITY = "iPhone Developer";
				COPY_PHASE_STRIP = NO;
				DEBUG_INFORMATION_FORMAT = "dwarf-with-dsym";
				ENABLE_NS_ASSERTIONS = NO;
				ENABLE_STRICT_OBJC_MSGSEND = YES;
				GCC_C_LANGUAGE_STANDARD = gnu11;
				GCC_NO_COMMON_BLOCKS = YES;
				GCC_WARN_64_TO_32_BIT_CONVERSION = YES;
				GCC_WARN_ABOUT_RETURN_TYPE = YES_ERROR;
				GCC_WARN_UNDECLARED_SELECTOR = YES;
				GCC_WARN_UNINITIALIZED_AUTOS = YES_AGGRESSIVE;
				GCC_WARN_UNUSED_FUNCTION = YES;
				GCC_WARN_UNUSED_VARIABLE = YES;
				IPHONEOS_DEPLOYMENT_TARGET = 11.2;
				MTL_ENABLE_DEBUG_INFO = NO;
				SDKROOT = iphoneos;
				SWIFT_OPTIMIZATION_LEVEL = "-Owholemodule";
				VALIDATE_PRODUCT = YES;
			};
			name = Release;
		};
		002D13F51FEBE383006AEBE9 /* Debug */ = {
			isa = XCBuildConfiguration;
			baseConfigurationReference = E436F0AE7E5C1DF22E4190B9 /* Pods-GolfLeague.debug.xcconfig */;
			buildSettings = {
				ASSETCATALOG_COMPILER_APPICON_NAME = AppIcon;
				CODE_SIGN_STYLE = Automatic;
				INFOPLIST_FILE = GolfLeague/Info.plist;
				LD_RUNPATH_SEARCH_PATHS = "$(inherited) @executable_path/Frameworks";
				PRODUCT_BUNDLE_IDENTIFIER = com.ajmo.GolfLeague;
				PRODUCT_NAME = "$(TARGET_NAME)";
				SWIFT_VERSION = 4.0;
				TARGETED_DEVICE_FAMILY = "1,2";
			};
			name = Debug;
		};
		002D13F61FEBE383006AEBE9 /* Release */ = {
			isa = XCBuildConfiguration;
			baseConfigurationReference = A7A2F3E929B97ADA3C0D6D39 /* Pods-GolfLeague.release.xcconfig */;
			buildSettings = {
				ASSETCATALOG_COMPILER_APPICON_NAME = AppIcon;
				CODE_SIGN_STYLE = Automatic;
				INFOPLIST_FILE = GolfLeague/Info.plist;
				LD_RUNPATH_SEARCH_PATHS = "$(inherited) @executable_path/Frameworks";
				PRODUCT_BUNDLE_IDENTIFIER = com.ajmo.GolfLeague;
				PRODUCT_NAME = "$(TARGET_NAME)";
				SWIFT_VERSION = 4.0;
				TARGETED_DEVICE_FAMILY = "1,2";
			};
			name = Release;
		};
		002D13F81FEBE383006AEBE9 /* Debug */ = {
			isa = XCBuildConfiguration;
			buildSettings = {
				ALWAYS_EMBED_SWIFT_STANDARD_LIBRARIES = YES;
				BUNDLE_LOADER = "$(TEST_HOST)";
				CODE_SIGN_STYLE = Automatic;
				INFOPLIST_FILE = GolfLeagueTests/Info.plist;
				LD_RUNPATH_SEARCH_PATHS = "$(inherited) @executable_path/Frameworks @loader_path/Frameworks";
				PRODUCT_BUNDLE_IDENTIFIER = com.ajmo.GolfLeagueTests;
				PRODUCT_NAME = "$(TARGET_NAME)";
				SWIFT_VERSION = 4.0;
				TARGETED_DEVICE_FAMILY = "1,2";
				TEST_HOST = "$(BUILT_PRODUCTS_DIR)/GolfLeague.app/GolfLeague";
			};
			name = Debug;
		};
		002D13F91FEBE383006AEBE9 /* Release */ = {
			isa = XCBuildConfiguration;
			buildSettings = {
				ALWAYS_EMBED_SWIFT_STANDARD_LIBRARIES = YES;
				BUNDLE_LOADER = "$(TEST_HOST)";
				CODE_SIGN_STYLE = Automatic;
				INFOPLIST_FILE = GolfLeagueTests/Info.plist;
				LD_RUNPATH_SEARCH_PATHS = "$(inherited) @executable_path/Frameworks @loader_path/Frameworks";
				PRODUCT_BUNDLE_IDENTIFIER = com.ajmo.GolfLeagueTests;
				PRODUCT_NAME = "$(TARGET_NAME)";
				SWIFT_VERSION = 4.0;
				TARGETED_DEVICE_FAMILY = "1,2";
				TEST_HOST = "$(BUILT_PRODUCTS_DIR)/GolfLeague.app/GolfLeague";
			};
			name = Release;
		};
/* End XCBuildConfiguration section */

/* Begin XCConfigurationList section */
		002D13D01FEBE382006AEBE9 /* Build configuration list for PBXProject "GolfLeague" */ = {
			isa = XCConfigurationList;
			buildConfigurations = (
				002D13F21FEBE383006AEBE9 /* Debug */,
				002D13F31FEBE383006AEBE9 /* Release */,
			);
			defaultConfigurationIsVisible = 0;
			defaultConfigurationName = Release;
		};
		002D13F41FEBE383006AEBE9 /* Build configuration list for PBXNativeTarget "GolfLeague" */ = {
			isa = XCConfigurationList;
			buildConfigurations = (
				002D13F51FEBE383006AEBE9 /* Debug */,
				002D13F61FEBE383006AEBE9 /* Release */,
			);
			defaultConfigurationIsVisible = 0;
			defaultConfigurationName = Release;
		};
		002D13F71FEBE383006AEBE9 /* Build configuration list for PBXNativeTarget "GolfLeagueTests" */ = {
			isa = XCConfigurationList;
			buildConfigurations = (
				002D13F81FEBE383006AEBE9 /* Debug */,
				002D13F91FEBE383006AEBE9 /* Release */,
			);
			defaultConfigurationIsVisible = 0;
			defaultConfigurationName = Release;
		};
/* End XCConfigurationList section */
	};
	rootObject = 002D13CD1FEBE382006AEBE9 /* Project object */;
}
